<?xml version="1.0" encoding="utf-8"?>
<Project ToolsVersion="4.0" xmlns="http://schemas.microsoft.com/developer/msbuild/2003">
  <ItemGroup>
    <ClCompile Include="Athlete.c" />
    <ClCompile Include="data.c" />
    <ClCompile Include="converge.c" />
    <ClCompile Include="def.c" />
    <ClCompile Include="forlogin.c" />
    <ClCompile Include="Interface.c" />
    <ClCompile Include="Org\org_list.c" />
    <ClCompile Include="AthleteMap\org_athlete.c" />
    <ClCompile Include="Vector_ath\item_athlete.c" />
    <ClCompile Include="TrackHashMap\track_item_map.c" />
    <ClCompile Include="RaceHashMap\race_item_map.c" />
    <ClCompile Include="AthHashMap\athlete_table.c" />
    <ClCompile Include="scoreRank.c" />
  </ItemGroup>
  <ItemGroup>
    <ClInclude Include="Athlete.h" />
    <ClInclude Include="converger.h" />
    <ClInclude Include="data.h" />
    <ClInclude Include="def.h" />
    <ClInclude Include="forlogin.h" />
    <ClInclude Include="InitTracRaceItem.h" />
    <ClInclude Include="Interface.h" />
    <ClInclude Include="Org\org_list.h" />
    <ClInclude Include="AthleteMap\org_athlete.h" />
    <ClInclude Include="Vector_ath\item_athlete.h" />
    <ClInclude Include="TrackHashMap\track_item_map.h" />
    <ClInclude Include="RaceHashMap\race_item_map.h" />
    <ClInclude Include="AthHashMap\athlete_table.h" />
  </ItemGroup>
</Project>