<?xml version="1.0" encoding="utf-8"?>
<Project ToolsVersion="4.0" xmlns="http://schemas.microsoft.com/developer/msbuild/2003">
  <ItemGroup>
    <ClCompile Include="AthHashMap\AthleteTable.c" />
    <ClCompile Include="Athlete.c" />
    <ClCompile Include="AthleteMap\org_ath_map.c" />
    <ClCompile Include="data.c" />
    <ClCompile Include="converge.c" />
    <ClCompile Include="def.c" />
    <ClCompile Include="file.c" />
    <ClCompile Include="forlogin.c" />
    <ClCompile Include="Interface.c" />
    <ClCompile Include="Org\OrgTable.c" />
    <ClCompile Include="RaceHashMap\RaceHashMap.c" />
    <ClCompile Include="TrackHashMap\TrackHashMap.c" />
    <ClCompile Include="Vector_ath\AthVector.c" />
  </ItemGroup>
  <ItemGroup>
    <ClCompile Include="Interface.c">
      <Filter>源文件</Filter>
    </ClCompile>
    <ClCompile Include="forlogin.c">
      <Filter>源文件</Filter>
    </ClCompile>
    <ClCompile Include="file.c">
      <Filter>源文件</Filter>
    </ClCompile>
    <ClCompile Include="Org\OrgTable.c">
      <Filter>源文件\Org</Filter>
    </ClCompile>
    <ClCompile Include="RaceHashMap\RaceHashMap.c">
      <Filter>源文件\RaceHashMap</Filter>
    </ClCompile>
    <ClCompile Include="TrackHashMap\TrackHashMap.c">
      <Filter>源文件\TrackHashMap</Filter>
    </ClCompile>
    <ClCompile Include="AthHashMap\AthleteTable.c">
      <Filter>源文件\AthHashMap</Filter>
    </ClCompile>
    <ClCompile Include="def.c">
      <Filter>源文件</Filter>
    </ClCompile>
    <ClCompile Include="AthleteMap\org_ath_map.c">
      <Filter>源文件\Org_AthMap</Filter>
    </ClCompile>
    <ClCompile Include="Vector_ath\AthVector.c">
      <Filter>源文件\AthVector</Filter>
    </ClCompile>
    <ClCompile Include="Athlete.c">
      <Filter>源文件</Filter>
    </ClCompile>
    <ClCompile Include="data.c">
      <Filter>源文件</Filter>
    </ClCompile>
    <ClCompile Include="converge.c">
      <Filter>源文件</Filter>
    </ClCompile>
  </ItemGroup>
  <ItemGroup>
    <ClInclude Include="def.h">
      <Filter>头文件</Filter>
    </ClInclude>
    <ClInclude Include="forlogin.h">
      <Filter>头文件</Filter>
    </ClInclude>
    <ClInclude Include="Org\OrgTable.h">
      <Filter>头文件\Org</Filter>
    </ClInclude>
    <ClInclude Include="RaceHashMap\RaceHashMap.h">
      <Filter>头文件\RaceHashMap</Filter>
    </ClInclude>
    <ClInclude Include="TrackHashMap\TrackHashMap.h">
      <Filter>头文件\TrackHashMap</Filter>
    </ClInclude>
    <ClInclude Include="AthHashMap\AthleteTable.h">
      <Filter>头文件\AthHashMap</Filter>
    </ClInclude>
    <ClInclude Include="Athlete.h">
      <Filter>头文件</Filter>
    </ClInclude>
    <ClInclude Include="AthleteMap\org_ath_map.h">
      <Filter>头文件\Org_AthMap</Filter>
    </ClInclude>
    <ClInclude Include="Vector_ath\AthVector.h">
      <Filter>头文件\AthVector</Filter>
    </ClInclude>
    <ClInclude Include="Interface.h">
      <Filter>头文件</Filter>
    </ClInclude>
    <ClInclude Include="converger.h">
      <Filter>头文件</Filter>
    </ClInclude>
    <ClInclude Include="file.h">
      <Filter>头文件</Filter>
    </ClInclude>
	    <ClInclude Include="InitTracRaceItem.h">
      <Filter>头文件</Filter>
    </ClInclude>
  </ItemGroup>
</Project>